<?xml version="1.0" encoding="UTF-8"?>
<CodeBlocks_project_file>
	<FileVersion major="1" minor="6"/>
	<Project>
		<Option title="Warspite"/>
		<Option makefile_is_custom="1"/>
		<Option compiler="gcc"/>
		<Option virtualFolders="CMake Files\;CMake Files\Engine\;CMake Files\..\;CMake Files\..\..\;CMake Files\..\..\..\;CMake Files\..\..\..\..\;CMake Files\..\..\..\..\usr\;CMake Files\..\..\..\..\usr\lib\;CMake Files\..\..\..\..\usr\lib\cmake\;CMake Files\..\..\..\..\usr\lib\cmake\pybind11\;CMake Files\..\..\..\..\usr\lib\x86_64-linux-gnu\;CMake Files\..\..\..\..\usr\lib\x86_64-linux-gnu\cmake\;CMake Files\..\..\..\..\usr\lib\x86_64-linux-gnu\cmake\spdlog\;CMake Files\..\..\..\..\usr\lib\x86_64-linux-gnu\cmake\SDL2\;CMake Files\CMakeModules\;"/>
		<Build>
			<Target title="all">
				<Option working_dir="/home/kurisu/CLionProjects/WarspiteGame"/>
				<Option type="4"/>
				<MakeCommands>
					<Build command="/usr/bin/make -j4 -f &quot;/home/kurisu/CLionProjects/WarspiteGame/Makefile&quot;  VERBOSE=1 all"/>
					<CompileFile command="/usr/bin/make -j4 -f &quot;/home/kurisu/CLionProjects/WarspiteGame/Makefile&quot;  VERBOSE=1 &quot;$file&quot;"/>
					<Clean command="/usr/bin/make -j4 -f &quot;/home/kurisu/CLionProjects/WarspiteGame/Makefile&quot;  VERBOSE=1 clean"/>
					<DistClean command="/usr/bin/make -j4 -f &quot;/home/kurisu/CLionProjects/WarspiteGame/Makefile&quot;  VERBOSE=1 clean"/>
				</MakeCommands>
			</Target>
			<Target title="install/strip">
				<Option working_dir="/home/kurisu/CLionProjects/WarspiteGame"/>
				<Option type="4"/>
				<MakeCommands>
					<Build command="/usr/bin/make -j4 -f &quot;/home/kurisu/CLionProjects/WarspiteGame/Makefile&quot;  VERBOSE=1 install/strip"/>
					<CompileFile command="/usr/bin/make -j4 -f &quot;/home/kurisu/CLionProjects/WarspiteGame/Makefile&quot;  VERBOSE=1 &quot;$file&quot;"/>
					<Clean command="/usr/bin/make -j4 -f &quot;/home/kurisu/CLionProjects/WarspiteGame/Makefile&quot;  VERBOSE=1 clean"/>
					<DistClean command="/usr/bin/make -j4 -f &quot;/home/kurisu/CLionProjects/WarspiteGame/Makefile&quot;  VERBOSE=1 clean"/>
				</MakeCommands>
			</Target>
			<Target title="install/local">
				<Option working_dir="/home/kurisu/CLionProjects/WarspiteGame"/>
				<Option type="4"/>
				<MakeCommands>
					<Build command="/usr/bin/make -j4 -f &quot;/home/kurisu/CLionProjects/WarspiteGame/Makefile&quot;  VERBOSE=1 install/local"/>
					<CompileFile command="/usr/bin/make -j4 -f &quot;/home/kurisu/CLionProjects/WarspiteGame/Makefile&quot;  VERBOSE=1 &quot;$file&quot;"/>
					<Clean command="/usr/bin/make -j4 -f &quot;/home/kurisu/CLionProjects/WarspiteGame/Makefile&quot;  VERBOSE=1 clean"/>
					<DistClean command="/usr/bin/make -j4 -f &quot;/home/kurisu/CLionProjects/WarspiteGame/Makefile&quot;  VERBOSE=1 clean"/>
				</MakeCommands>
			</Target>
			<Target title="edit_cache">
				<Option working_dir="/home/kurisu/CLionProjects/WarspiteGame"/>
				<Option type="4"/>
				<MakeCommands>
					<Build command="/usr/bin/make -j4 -f &quot;/home/kurisu/CLionProjects/WarspiteGame/Makefile&quot;  VERBOSE=1 edit_cache"/>
					<CompileFile command="/usr/bin/make -j4 -f &quot;/home/kurisu/CLionProjects/WarspiteGame/Makefile&quot;  VERBOSE=1 &quot;$file&quot;"/>
					<Clean command="/usr/bin/make -j4 -f &quot;/home/kurisu/CLionProjects/WarspiteGame/Makefile&quot;  VERBOSE=1 clean"/>
					<DistClean command="/usr/bin/make -j4 -f &quot;/home/kurisu/CLionProjects/WarspiteGame/Makefile&quot;  VERBOSE=1 clean"/>
				</MakeCommands>
			</Target>
			<Target title="rebuild_cache">
				<Option working_dir="/home/kurisu/CLionProjects/WarspiteGame"/>
				<Option type="4"/>
				<MakeCommands>
					<Build command="/usr/bin/make -j4 -f &quot;/home/kurisu/CLionProjects/WarspiteGame/Makefile&quot;  VERBOSE=1 rebuild_cache"/>
					<CompileFile command="/usr/bin/make -j4 -f &quot;/home/kurisu/CLionProjects/WarspiteGame/Makefile&quot;  VERBOSE=1 &quot;$file&quot;"/>
					<Clean command="/usr/bin/make -j4 -f &quot;/home/kurisu/CLionProjects/WarspiteGame/Makefile&quot;  VERBOSE=1 clean"/>
					<DistClean command="/usr/bin/make -j4 -f &quot;/home/kurisu/CLionProjects/WarspiteGame/Makefile&quot;  VERBOSE=1 clean"/>
				</MakeCommands>
			</Target>
			<Target title="list_install_components">
				<Option working_dir="/home/kurisu/CLionProjects/WarspiteGame"/>
				<Option type="4"/>
				<MakeCommands>
					<Build command="/usr/bin/make -j4 -f &quot;/home/kurisu/CLionProjects/WarspiteGame/Makefile&quot;  VERBOSE=1 list_install_components"/>
					<CompileFile command="/usr/bin/make -j4 -f &quot;/home/kurisu/CLionProjects/WarspiteGame/Makefile&quot;  VERBOSE=1 &quot;$file&quot;"/>
					<Clean command="/usr/bin/make -j4 -f &quot;/home/kurisu/CLionProjects/WarspiteGame/Makefile&quot;  VERBOSE=1 clean"/>
					<DistClean command="/usr/bin/make -j4 -f &quot;/home/kurisu/CLionProjects/WarspiteGame/Makefile&quot;  VERBOSE=1 clean"/>
				</MakeCommands>
			</Target>
			<Target title="install">
				<Option working_dir="/home/kurisu/CLionProjects/WarspiteGame"/>
				<Option type="4"/>
				<MakeCommands>
					<Build command="/usr/bin/make -j4 -f &quot;/home/kurisu/CLionProjects/WarspiteGame/Makefile&quot;  VERBOSE=1 install"/>
					<CompileFile command="/usr/bin/make -j4 -f &quot;/home/kurisu/CLionProjects/WarspiteGame/Makefile&quot;  VERBOSE=1 &quot;$file&quot;"/>
					<Clean command="/usr/bin/make -j4 -f &quot;/home/kurisu/CLionProjects/WarspiteGame/Makefile&quot;  VERBOSE=1 clean"/>
					<DistClean command="/usr/bin/make -j4 -f &quot;/home/kurisu/CLionProjects/WarspiteGame/Makefile&quot;  VERBOSE=1 clean"/>
				</MakeCommands>
			</Target>
			<Target title="EngineMetadata">
				<Option working_dir="/home/kurisu/CLionProjects/WarspiteGame/Engine"/>
				<Option type="4"/>
				<MakeCommands>
					<Build command="/usr/bin/make -j4 -f &quot;/home/kurisu/CLionProjects/WarspiteGame/Engine/Makefile&quot;  VERBOSE=1 EngineMetadata"/>
					<CompileFile command="/usr/bin/make -j4 -f &quot;/home/kurisu/CLionProjects/WarspiteGame/Engine/Makefile&quot;  VERBOSE=1 &quot;$file&quot;"/>
					<Clean command="/usr/bin/make -j4 -f &quot;/home/kurisu/CLionProjects/WarspiteGame/Engine/Makefile&quot;  VERBOSE=1 clean"/>
					<DistClean command="/usr/bin/make -j4 -f &quot;/home/kurisu/CLionProjects/WarspiteGame/Engine/Makefile&quot;  VERBOSE=1 clean"/>
				</MakeCommands>
			</Target>
			<Target title="Warspite">
				<Option output="/home/kurisu/CLionProjects/WarspiteGame/Engine/Warspite" prefix_auto="0" extension_auto="0"/>
				<Option working_dir="/home/kurisu/CLionProjects/WarspiteGame/Engine"/>
				<Option object_output="./"/>
				<Option type="1"/>
				<Option compiler="gcc"/>
				<Compiler>
					<Add option="-DWARDEBUG"/>
					<Add option="-DENV64BIT"/>
					<Add option="-DSPDLOG_COMPILED_LIB"/>
					<Add directory="/usr/include/python3.8"/>
					<Add directory="/usr/include/SDL2"/>
					<Add directory="/usr/include/c++/9"/>
					<Add directory="/usr/include/x86_64-linux-gnu/c++/9"/>
					<Add directory="/usr/include/c++/9/backward"/>
					<Add directory="/usr/lib/gcc/x86_64-linux-gnu/9/include"/>
					<Add directory="/usr/local/include"/>
					<Add directory="/usr/include/x86_64-linux-gnu"/>
					<Add directory="/usr/include"/>
				</Compiler>
				<MakeCommands>
					<Build command="/usr/bin/make -j4 -f &quot;/home/kurisu/CLionProjects/WarspiteGame/Engine/Makefile&quot;  VERBOSE=1 Warspite"/>
					<CompileFile command="/usr/bin/make -j4 -f &quot;/home/kurisu/CLionProjects/WarspiteGame/Engine/Makefile&quot;  VERBOSE=1 &quot;$file&quot;"/>
					<Clean command="/usr/bin/make -j4 -f &quot;/home/kurisu/CLionProjects/WarspiteGame/Engine/Makefile&quot;  VERBOSE=1 clean"/>
					<DistClean command="/usr/bin/make -j4 -f &quot;/home/kurisu/CLionProjects/WarspiteGame/Engine/Makefile&quot;  VERBOSE=1 clean"/>
				</MakeCommands>
			</Target>
			<Target title="Warspite/fast">
				<Option output="/home/kurisu/CLionProjects/WarspiteGame/Engine/Warspite" prefix_auto="0" extension_auto="0"/>
				<Option working_dir="/home/kurisu/CLionProjects/WarspiteGame/Engine"/>
				<Option object_output="./"/>
				<Option type="1"/>
				<Option compiler="gcc"/>
				<Compiler>
					<Add option="-DWARDEBUG"/>
					<Add option="-DENV64BIT"/>
					<Add option="-DSPDLOG_COMPILED_LIB"/>
					<Add directory="/usr/include/python3.8"/>
					<Add directory="/usr/include/SDL2"/>
					<Add directory="/usr/include/c++/9"/>
					<Add directory="/usr/include/x86_64-linux-gnu/c++/9"/>
					<Add directory="/usr/include/c++/9/backward"/>
					<Add directory="/usr/lib/gcc/x86_64-linux-gnu/9/include"/>
					<Add directory="/usr/local/include"/>
					<Add directory="/usr/include/x86_64-linux-gnu"/>
					<Add directory="/usr/include"/>
				</Compiler>
				<MakeCommands>
					<Build command="/usr/bin/make -j4 -f &quot;/home/kurisu/CLionProjects/WarspiteGame/Engine/Makefile&quot;  VERBOSE=1 Warspite/fast"/>
					<CompileFile command="/usr/bin/make -j4 -f &quot;/home/kurisu/CLionProjects/WarspiteGame/Engine/Makefile&quot;  VERBOSE=1 &quot;$file&quot;"/>
					<Clean command="/usr/bin/make -j4 -f &quot;/home/kurisu/CLionProjects/WarspiteGame/Engine/Makefile&quot;  VERBOSE=1 clean"/>
					<DistClean command="/usr/bin/make -j4 -f &quot;/home/kurisu/CLionProjects/WarspiteGame/Engine/Makefile&quot;  VERBOSE=1 clean"/>
				</MakeCommands>
			</Target>
		</Build>
		<Unit filename="/home/kurisu/CLionProjects/WarspiteGame/Engine/AnimatedGraphic.cpp">
			<Option target="Warspite"/>
		</Unit>
		<Unit filename="/home/kurisu/CLionProjects/WarspiteGame/Engine/AnimatedGraphic.h">
			<Option target="Warspite"/>
		</Unit>
		<Unit filename="/home/kurisu/CLionProjects/WarspiteGame/Engine/Button.cpp">
			<Option target="Warspite"/>
		</Unit>
		<Unit filename="/home/kurisu/CLionProjects/WarspiteGame/Engine/Button.h">
			<Option target="Warspite"/>
		</Unit>
		<Unit filename="/home/kurisu/CLionProjects/WarspiteGame/Engine/Camera.cpp">
			<Option target="Warspite"/>
		</Unit>
		<Unit filename="/home/kurisu/CLionProjects/WarspiteGame/Engine/Camera.h">
			<Option target="Warspite"/>
		</Unit>
		<Unit filename="/home/kurisu/CLionProjects/WarspiteGame/Engine/Enemy.cpp">
			<Option target="Warspite"/>
		</Unit>
		<Unit filename="/home/kurisu/CLionProjects/WarspiteGame/Engine/Enemy.h">
			<Option target="Warspite"/>
		</Unit>
		<Unit filename="/home/kurisu/CLionProjects/WarspiteGame/Engine/EngineFileSystem.cpp">
			<Option target="Warspite"/>
		</Unit>
		<Unit filename="/home/kurisu/CLionProjects/WarspiteGame/Engine/EngineFileSystem.h">
			<Option target="Warspite"/>
		</Unit>
		<Unit filename="/home/kurisu/CLionProjects/WarspiteGame/Engine/EngineTypes.h">
			<Option target="Warspite"/>
		</Unit>
		<Unit filename="/home/kurisu/CLionProjects/WarspiteGame/Engine/FontManager.cpp">
			<Option target="Warspite"/>
		</Unit>
		<Unit filename="/home/kurisu/CLionProjects/WarspiteGame/Engine/FontManager.h">
			<Option target="Warspite"/>
		</Unit>
		<Unit filename="/home/kurisu/CLionProjects/WarspiteGame/Engine/Game.cpp">
			<Option target="Warspite"/>
		</Unit>
		<Unit filename="/home/kurisu/CLionProjects/WarspiteGame/Engine/Game.h">
			<Option target="Warspite"/>
		</Unit>
		<Unit filename="/home/kurisu/CLionProjects/WarspiteGame/Engine/GameObject.h">
			<Option target="Warspite"/>
		</Unit>
		<Unit filename="/home/kurisu/CLionProjects/WarspiteGame/Engine/GameObjectDictionary.cpp">
			<Option target="Warspite"/>
		</Unit>
		<Unit filename="/home/kurisu/CLionProjects/WarspiteGame/Engine/GameObjectDictionary.h">
			<Option target="Warspite"/>
		</Unit>
		<Unit filename="/home/kurisu/CLionProjects/WarspiteGame/Engine/GameState.h">
			<Option target="Warspite"/>
		</Unit>
		<Unit filename="/home/kurisu/CLionProjects/WarspiteGame/Engine/GameStateBase.cpp">
			<Option target="Warspite"/>
		</Unit>
		<Unit filename="/home/kurisu/CLionProjects/WarspiteGame/Engine/GameStateBase.h">
			<Option target="Warspite"/>
		</Unit>
		<Unit filename="/home/kurisu/CLionProjects/WarspiteGame/Engine/GameStateDictionary.cpp">
			<Option target="Warspite"/>
		</Unit>
		<Unit filename="/home/kurisu/CLionProjects/WarspiteGame/Engine/GameStateDictionary.h">
			<Option target="Warspite"/>
		</Unit>
		<Unit filename="/home/kurisu/CLionProjects/WarspiteGame/Engine/GameStateManager.cpp">
			<Option target="Warspite"/>
		</Unit>
		<Unit filename="/home/kurisu/CLionProjects/WarspiteGame/Engine/GameStateManager.h">
			<Option target="Warspite"/>
		</Unit>
		<Unit filename="/home/kurisu/CLionProjects/WarspiteGame/Engine/InputHandler.cpp">
			<Option target="Warspite"/>
		</Unit>
		<Unit filename="/home/kurisu/CLionProjects/WarspiteGame/Engine/InputHandler.h">
			<Option target="Warspite"/>
		</Unit>
		<Unit filename="/home/kurisu/CLionProjects/WarspiteGame/Engine/Layer.h">
			<Option target="Warspite"/>
		</Unit>
		<Unit filename="/home/kurisu/CLionProjects/WarspiteGame/Engine/Level.cpp">
			<Option target="Warspite"/>
		</Unit>
		<Unit filename="/home/kurisu/CLionProjects/WarspiteGame/Engine/Level.h">
			<Option target="Warspite"/>
		</Unit>
		<Unit filename="/home/kurisu/CLionProjects/WarspiteGame/Engine/LevelParser.cpp">
			<Option target="Warspite"/>
		</Unit>
		<Unit filename="/home/kurisu/CLionProjects/WarspiteGame/Engine/LevelParser.h">
			<Option target="Warspite"/>
		</Unit>
		<Unit filename="/home/kurisu/CLionProjects/WarspiteGame/Engine/LogicAuto.cpp">
			<Option target="Warspite"/>
		</Unit>
		<Unit filename="/home/kurisu/CLionProjects/WarspiteGame/Engine/LogicAuto.h">
			<Option target="Warspite"/>
		</Unit>
		<Unit filename="/home/kurisu/CLionProjects/WarspiteGame/Engine/MainMenuState.cpp">
			<Option target="Warspite"/>
		</Unit>
		<Unit filename="/home/kurisu/CLionProjects/WarspiteGame/Engine/MainMenuState.h">
			<Option target="Warspite"/>
		</Unit>
		<Unit filename="/home/kurisu/CLionProjects/WarspiteGame/Engine/MapObject.cpp">
			<Option target="Warspite"/>
		</Unit>
		<Unit filename="/home/kurisu/CLionProjects/WarspiteGame/Engine/MapObject.h">
			<Option target="Warspite"/>
		</Unit>
		<Unit filename="/home/kurisu/CLionProjects/WarspiteGame/Engine/MenuState.h">
			<Option target="Warspite"/>
		</Unit>
		<Unit filename="/home/kurisu/CLionProjects/WarspiteGame/Engine/ObjectFactory.h">
			<Option target="Warspite"/>
		</Unit>
		<Unit filename="/home/kurisu/CLionProjects/WarspiteGame/Engine/ObjectLayer.cpp">
			<Option target="Warspite"/>
		</Unit>
		<Unit filename="/home/kurisu/CLionProjects/WarspiteGame/Engine/ObjectLayer.h">
			<Option target="Warspite"/>
		</Unit>
		<Unit filename="/home/kurisu/CLionProjects/WarspiteGame/Engine/ObjectParams.h">
			<Option target="Warspite"/>
		</Unit>
		<Unit filename="/home/kurisu/CLionProjects/WarspiteGame/Engine/PauseState.cpp">
			<Option target="Warspite"/>
		</Unit>
		<Unit filename="/home/kurisu/CLionProjects/WarspiteGame/Engine/PauseState.h">
			<Option target="Warspite"/>
		</Unit>
		<Unit filename="/home/kurisu/CLionProjects/WarspiteGame/Engine/PlayState.cpp">
			<Option target="Warspite"/>
		</Unit>
		<Unit filename="/home/kurisu/CLionProjects/WarspiteGame/Engine/PlayState.h">
			<Option target="Warspite"/>
		</Unit>
		<Unit filename="/home/kurisu/CLionProjects/WarspiteGame/Engine/Player.cpp">
			<Option target="Warspite"/>
		</Unit>
		<Unit filename="/home/kurisu/CLionProjects/WarspiteGame/Engine/Player.h">
			<Option target="Warspite"/>
		</Unit>
		<Unit filename="/home/kurisu/CLionProjects/WarspiteGame/Engine/ScriptManager.cpp">
			<Option target="Warspite"/>
		</Unit>
		<Unit filename="/home/kurisu/CLionProjects/WarspiteGame/Engine/ScriptManager.h">
			<Option target="Warspite"/>
		</Unit>
		<Unit filename="/home/kurisu/CLionProjects/WarspiteGame/Engine/ScriptWrappers.cpp">
			<Option target="Warspite"/>
		</Unit>
		<Unit filename="/home/kurisu/CLionProjects/WarspiteGame/Engine/ScriptWrappers.h">
			<Option target="Warspite"/>
		</Unit>
		<Unit filename="/home/kurisu/CLionProjects/WarspiteGame/Engine/SoundManager.cpp">
			<Option target="Warspite"/>
		</Unit>
		<Unit filename="/home/kurisu/CLionProjects/WarspiteGame/Engine/SoundManager.h">
			<Option target="Warspite"/>
		</Unit>
		<Unit filename="/home/kurisu/CLionProjects/WarspiteGame/Engine/StateParser.cpp">
			<Option target="Warspite"/>
		</Unit>
		<Unit filename="/home/kurisu/CLionProjects/WarspiteGame/Engine/StateParser.h">
			<Option target="Warspite"/>
		</Unit>
		<Unit filename="/home/kurisu/CLionProjects/WarspiteGame/Engine/TestObject.cpp">
			<Option target="Warspite"/>
		</Unit>
		<Unit filename="/home/kurisu/CLionProjects/WarspiteGame/Engine/TestObject.h">
			<Option target="Warspite"/>
		</Unit>
		<Unit filename="/home/kurisu/CLionProjects/WarspiteGame/Engine/TextureManager.cpp">
			<Option target="Warspite"/>
		</Unit>
		<Unit filename="/home/kurisu/CLionProjects/WarspiteGame/Engine/TextureManager.h">
			<Option target="Warspite"/>
		</Unit>
		<Unit filename="/home/kurisu/CLionProjects/WarspiteGame/Engine/TileLayer.cpp">
			<Option target="Warspite"/>
		</Unit>
		<Unit filename="/home/kurisu/CLionProjects/WarspiteGame/Engine/TileLayer.h">
			<Option target="Warspite"/>
		</Unit>
		<Unit filename="/home/kurisu/CLionProjects/WarspiteGame/Engine/Vector2D.h">
			<Option target="Warspite"/>
		</Unit>
		<Unit filename="/home/kurisu/CLionProjects/WarspiteGame/Engine/WarspiteObject.cpp">
			<Option target="Warspite"/>
		</Unit>
		<Unit filename="/home/kurisu/CLionProjects/WarspiteGame/Engine/WarspiteObject.h">
			<Option target="Warspite"/>
		</Unit>
		<Unit filename="/home/kurisu/CLionProjects/WarspiteGame/Engine/WarspiteUtil.cpp">
			<Option target="Warspite"/>
		</Unit>
		<Unit filename="/home/kurisu/CLionProjects/WarspiteGame/Engine/WarspiteUtil.h">
			<Option target="Warspite"/>
		</Unit>
		<Unit filename="/home/kurisu/CLionProjects/WarspiteGame/Engine/etc/Base64.cpp">
			<Option target="Warspite"/>
		</Unit>
		<Unit filename="/home/kurisu/CLionProjects/WarspiteGame/Engine/etc/Base64.h">
			<Option target="Warspite"/>
		</Unit>
		<Unit filename="/home/kurisu/CLionProjects/WarspiteGame/Engine/main.cpp">
			<Option target="Warspite"/>
		</Unit>
		<Unit filename="/home/kurisu/CLionProjects/WarspiteGame/CMakeLists.txt">
			<Option virtualFolder="CMake Files\"/>
		</Unit>
		<Unit filename="/home/kurisu/CLionProjects/WarspiteGame/Engine/CMakeLists.txt">
			<Option virtualFolder="CMake Files\Engine\"/>
		</Unit>
		<Unit filename="/home/kurisu/CLionProjects/WarspiteGame/../../../../usr/lib/cmake/pybind11/FindPythonLibsNew.cmake">
			<Option virtualFolder="CMake Files\..\..\..\..\usr\lib\cmake\pybind11\"/>
		</Unit>
		<Unit filename="/home/kurisu/CLionProjects/WarspiteGame/../../../../usr/lib/cmake/pybind11/pybind11Config.cmake">
			<Option virtualFolder="CMake Files\..\..\..\..\usr\lib\cmake\pybind11\"/>
		</Unit>
		<Unit filename="/home/kurisu/CLionProjects/WarspiteGame/../../../../usr/lib/cmake/pybind11/pybind11ConfigVersion.cmake">
			<Option virtualFolder="CMake Files\..\..\..\..\usr\lib\cmake\pybind11\"/>
		</Unit>
		<Unit filename="/home/kurisu/CLionProjects/WarspiteGame/../../../../usr/lib/cmake/pybind11/pybind11Targets.cmake">
			<Option virtualFolder="CMake Files\..\..\..\..\usr\lib\cmake\pybind11\"/>
		</Unit>
		<Unit filename="/home/kurisu/CLionProjects/WarspiteGame/../../../../usr/lib/cmake/pybind11/pybind11Tools.cmake">
			<Option virtualFolder="CMake Files\..\..\..\..\usr\lib\cmake\pybind11\"/>
		</Unit>
		<Unit filename="/home/kurisu/CLionProjects/WarspiteGame/../../../../usr/lib/x86_64-linux-gnu/cmake/spdlog/spdlogConfig.cmake">
			<Option virtualFolder="CMake Files\..\..\..\..\usr\lib\x86_64-linux-gnu\cmake\spdlog\"/>
		</Unit>
		<Unit filename="/home/kurisu/CLionProjects/WarspiteGame/../../../../usr/lib/x86_64-linux-gnu/cmake/spdlog/spdlogConfigTargets-none.cmake">
			<Option virtualFolder="CMake Files\..\..\..\..\usr\lib\x86_64-linux-gnu\cmake\spdlog\"/>
		</Unit>
		<Unit filename="/home/kurisu/CLionProjects/WarspiteGame/../../../../usr/lib/x86_64-linux-gnu/cmake/spdlog/spdlogConfigTargets.cmake">
			<Option virtualFolder="CMake Files\..\..\..\..\usr\lib\x86_64-linux-gnu\cmake\spdlog\"/>
		</Unit>
		<Unit filename="/home/kurisu/CLionProjects/WarspiteGame/../../../../usr/lib/x86_64-linux-gnu/cmake/spdlog/spdlogConfigVersion.cmake">
			<Option virtualFolder="CMake Files\..\..\..\..\usr\lib\x86_64-linux-gnu\cmake\spdlog\"/>
		</Unit>
		<Unit filename="/home/kurisu/CLionProjects/WarspiteGame/../../../../usr/lib/x86_64-linux-gnu/cmake/SDL2/sdl2-config.cmake">
			<Option virtualFolder="CMake Files\..\..\..\..\usr\lib\x86_64-linux-gnu\cmake\SDL2\"/>
		</Unit>
		<Unit filename="/home/kurisu/CLionProjects/WarspiteGame/CMakeModules/FindSDL2_image.cmake">
			<Option virtualFolder="CMake Files\CMakeModules\"/>
		</Unit>
		<Unit filename="/home/kurisu/CLionProjects/WarspiteGame/CMakeModules/FindSDL2_ttf.cmake">
			<Option virtualFolder="CMake Files\CMakeModules\"/>
		</Unit>
		<Unit filename="/home/kurisu/CLionProjects/WarspiteGame/CMakeModules/FindVorbis.cmake">
			<Option virtualFolder="CMake Files\CMakeModules\"/>
		</Unit>
		<Unit filename="/home/kurisu/CLionProjects/WarspiteGame/CMakeModules/Findrapidjson.cmake">
			<Option virtualFolder="CMake Files\CMakeModules\"/>
		</Unit>
	</Project>
</CodeBlocks_project_file>
